
Microsoft Visual Studio Solution File, Format Version 12.00
# Visual Studio Version 17
VisualStudioVersion = 17.7.34024.191
MinimumVisualStudioVersion = 10.0.40219.1
Project("{FAE04EC0-301F-11D3-BF4B-00C04F79EFBC}") = "Stack Debugger", "Stack Debugger\Stack Debugger.csproj", "{E57892FD-C93D-414D-8FC8-AACD9B7DEE93}"
EndProject
Global
	GlobalSection(SolutionConfigurationPlatforms) = preSolution
		Debug|Any CPU = Debug|Any CPU
		Release|Any CPU = Release|Any CPU
	EndGlobalSection
	GlobalSection(ProjectConfigurationPlatforms) = postSolution
		{E57892FD-C93D-414D-8FC8-AACD9B7DEE93}.Debug|Any CPU.ActiveCfg = Debug|Any CPU
		{E57892FD-C93D-414D-8FC8-AACD9B7DEE93}.Debug|Any CPU.Build.0 = Debug|Any CPU
		{E57892FD-C93D-414D-8FC8-AACD9B7DEE93}.Release|Any CPU.ActiveCfg = Release|Any CPU
		{E57892FD-C93D-414D-8FC8-AACD9B7DEE93}.Release|Any CPU.Build.0 = Release|Any CPU
	EndGlobalSection
	GlobalSection(SolutionProperties) = preSolution
		HideSolutionNode = FALSE
	EndGlobalSection
	GlobalSection(ExtensibilityGlobals) = postSolution
		SolutionGuid = {707014B5-C458-41EA-B47D-07EDB74BBE5E}
	EndGlobalSection
EndGlobal
